
Microsoft Visual Studio Solution File, Format Version 12.00
# Visual Studio Version 17
VisualStudioVersion = 17.8.34330.188
MinimumVisualStudioVersion = 10.0.40219.1
Project("{FAE04EC0-301F-11D3-BF4B-00C04F79EFBC}") = "QueryPal", "QueryPal\QueryPal.csproj", "{D37FFFB8-27BA-40B9-82B1-9E4DED0A9467}"
EndProject
Global
	GlobalSection(SolutionConfigurationPlatforms) = preSolution
		Debug|Any CPU = Debug|Any CPU
		Release|Any CPU = Release|Any CPU
	EndGlobalSection
	GlobalSection(ProjectConfigurationPlatforms) = postSolution
		{D37FFFB8-27BA-40B9-82B1-9E4DED0A9467}.Debug|Any CPU.ActiveCfg = Debug|Any CPU
		{D37FFFB8-27BA-40B9-82B1-9E4DED0A9467}.Debug|Any CPU.Build.0 = Debug|Any CPU
		{D37FFFB8-27BA-40B9-82B1-9E4DED0A9467}.Release|Any CPU.ActiveCfg = Release|Any CPU
		{D37FFFB8-27BA-40B9-82B1-9E4DED0A9467}.Release|Any CPU.Build.0 = Release|Any CPU
	EndGlobalSection
	GlobalSection(SolutionProperties) = preSolution
		HideSolutionNode = FALSE
	EndGlobalSection
	GlobalSection(ExtensibilityGlobals) = postSolution
		SolutionGuid = {44AA7979-5DF3-41DB-B8EB-AAEBF4E2C701}
	EndGlobalSection
EndGlobal
